
Microsoft Visual Studio Solution File, Format Version 12.00
# Visual Studio 14
VisualStudioVersion = 14.0.24720.0
MinimumVisualStudioVersion = 10.0.40219.1
Project("{E24C65DC-7377-472B-9ABA-BC803B73C61A}") = "GustavoAdolfo", "http://localhost:10146", "{F5F0B8CF-81DD-40F5-BD38-A94A804746EE}"
	ProjectSection(WebsiteProperties) = preProject
		UseIISExpress = "true"
		TargetFrameworkMoniker = ".NETFramework,Version%3Dv4.5"
		Debug.AspNetCompiler.VirtualPath = "/localhost_10146"
		Debug.AspNetCompiler.PhysicalPath = "..\GustavoAdolfo\"
		Debug.AspNetCompiler.TargetPath = "PrecompiledWeb\localhost_10146\"
		Debug.AspNetCompiler.Updateable = "true"
		Debug.AspNetCompiler.ForceOverwrite = "true"
		Debug.AspNetCompiler.FixedNames = "false"
		Debug.AspNetCompiler.Debug = "True"
		Release.AspNetCompiler.VirtualPath = "/localhost_10146"
		Release.AspNetCompiler.PhysicalPath = "..\GustavoAdolfo\"
		Release.AspNetCompiler.TargetPath = "PrecompiledWeb\localhost_10146\"
		Release.AspNetCompiler.Updateable = "true"
		Release.AspNetCompiler.ForceOverwrite = "true"
		Release.AspNetCompiler.FixedNames = "false"
		Release.AspNetCompiler.Debug = "False"
		SlnRelativePath = "..\GustavoAdolfo\"
		DefaultWebSiteLanguage = "Visual Basic"
	EndProjectSection
EndProject
Project("{FAE04EC0-301F-11D3-BF4B-00C04F79EFBC}") = "Livraria", "TestandoWebGrid\Livraria\Livraria.csproj", "{200F17C3-D008-49C5-A221-B616B5A43753}"
EndProject
Global
	GlobalSection(SolutionConfigurationPlatforms) = preSolution
		Debug|Any CPU = Debug|Any CPU
		Release|Any CPU = Release|Any CPU
	EndGlobalSection
	GlobalSection(ProjectConfigurationPlatforms) = postSolution
		{F5F0B8CF-81DD-40F5-BD38-A94A804746EE}.Debug|Any CPU.ActiveCfg = Debug|Any CPU
		{F5F0B8CF-81DD-40F5-BD38-A94A804746EE}.Debug|Any CPU.Build.0 = Debug|Any CPU
		{F5F0B8CF-81DD-40F5-BD38-A94A804746EE}.Release|Any CPU.ActiveCfg = Debug|Any CPU
		{F5F0B8CF-81DD-40F5-BD38-A94A804746EE}.Release|Any CPU.Build.0 = Debug|Any CPU
		{200F17C3-D008-49C5-A221-B616B5A43753}.Debug|Any CPU.ActiveCfg = Debug|Any CPU
		{200F17C3-D008-49C5-A221-B616B5A43753}.Debug|Any CPU.Build.0 = Debug|Any CPU
		{200F17C3-D008-49C5-A221-B616B5A43753}.Release|Any CPU.ActiveCfg = Release|Any CPU
		{200F17C3-D008-49C5-A221-B616B5A43753}.Release|Any CPU.Build.0 = Release|Any CPU
	EndGlobalSection
	GlobalSection(SolutionProperties) = preSolution
		HideSolutionNode = FALSE
	EndGlobalSection
EndGlobal
